
Microsoft Visual Studio Solution File, Format Version 12.00
# Visual Studio Version 18
VisualStudioVersion = 18.1.11304.174
MinimumVisualStudioVersion = 10.0.40219.1
Project("{FAE04EC0-301F-11D3-BF4B-00C04F79EFBC}") = "DesignerSuite.App", "DesignerSuite.App\DesignerSuite.App.csproj", "{3CD3F3DF-A48D-4B1F-B46D-E76DF9498139}"
EndProject
Project("{2150E333-8FDC-42A3-9474-1A3956D46DE8}") = "Modules", "Modules", "{02EA681E-C7D8-13C7-8484-4AC65E1B71E8}"
EndProject
Project("{FAE04EC0-301F-11D3-BF4B-00C04F79EFBC}") = "KeychainQuickDesigner.Module", "Modules\KeychainQuickDesigner\KeychainQuickDesigner.Module.csproj", "{06B0B5A6-3448-4909-87D2-61F6599B0143}"
EndProject
Project("{FAE04EC0-301F-11D3-BF4B-00C04F79EFBC}") = "DesignerSuite.Core", "DesignerSuite.Core\DesignerSuite.Core.csproj", "{AF7638E3-A929-4C26-926B-DDE3E8837092}"
EndProject
Project("{FAE04EC0-301F-11D3-BF4B-00C04F79EFBC}") = "PhotoshopQuickDesigner.Module", "Modules\PhotoshopQuickDesigner\PhotoshopQuickDesigner.Module.csproj", "{73164AAF-4E27-4D33-AD74-4F848833E6AF}"
EndProject
Project("{FAE04EC0-301F-11D3-BF4B-00C04F79EFBC}") = "QuickDesigner2023.Module", "Modules\QuickDesigner2023\QuickDesigner2023.Module.csproj", "{11B6AB3F-A302-4A6E-A4EF-282A2394A051}"
EndProject
Project("{FAE04EC0-301F-11D3-BF4B-00C04F79EFBC}") = "QuickDesigner2025.Module", "Modules\QuickDesigner2025\QuickDesigner2025.Module.csproj", "{E4833D70-05B4-B232-0506-946BB740FAD7}"
EndProject
Project("{FAE04EC0-301F-11D3-BF4B-00C04F79EFBC}") = "BirthdayCertificateDesigner2023.Module", "Modules\BirthdayCertificateDesigner2023\BirthdayCertificateDesigner2023.Module.csproj", "{6E35C402-C449-E34D-BFDF-E598B6BCD16C}"
EndProject
Project("{FAE04EC0-301F-11D3-BF4B-00C04F79EFBC}") = "ConsoleApp1", "ConsoleApp1\ConsoleApp1.csproj", "{250AD84C-BFB0-498A-9FA7-2D84BA99E1D1}"
EndProject
Project("{54435603-DBB4-11D2-8724-00A0C9A8B90C}") = "DesignerSuite.SetupProjectInstaller", "DesignerSuite.SetupProjectInstaller\DesignerSuite.SetupProjectInstaller.vdproj", "{641CB9AA-EC28-7E6F-FCD1-5F5AA2DA26D2}"
EndProject
Global
	GlobalSection(SolutionConfigurationPlatforms) = preSolution
		Debug|Any CPU = Debug|Any CPU
		Debug|ARM64 = Debug|ARM64
		Debug|x64 = Debug|x64
		Debug|x86 = Debug|x86
		Release|Any CPU = Release|Any CPU
		Release|ARM64 = Release|ARM64
		Release|x64 = Release|x64
		Release|x86 = Release|x86
	EndGlobalSection
	GlobalSection(ProjectConfigurationPlatforms) = postSolution
		{3CD3F3DF-A48D-4B1F-B46D-E76DF9498139}.Debug|Any CPU.ActiveCfg = Debug|Any CPU
		{3CD3F3DF-A48D-4B1F-B46D-E76DF9498139}.Debug|Any CPU.Build.0 = Debug|Any CPU
		{3CD3F3DF-A48D-4B1F-B46D-E76DF9498139}.Debug|ARM64.ActiveCfg = Debug|Any CPU
		{3CD3F3DF-A48D-4B1F-B46D-E76DF9498139}.Debug|ARM64.Build.0 = Debug|Any CPU
		{3CD3F3DF-A48D-4B1F-B46D-E76DF9498139}.Debug|x64.ActiveCfg = Debug|x64
		{3CD3F3DF-A48D-4B1F-B46D-E76DF9498139}.Debug|x64.Build.0 = Debug|x64
		{3CD3F3DF-A48D-4B1F-B46D-E76DF9498139}.Debug|x86.ActiveCfg = Debug|x86
		{3CD3F3DF-A48D-4B1F-B46D-E76DF9498139}.Debug|x86.Build.0 = Debug|x86
		{3CD3F3DF-A48D-4B1F-B46D-E76DF9498139}.Release|Any CPU.ActiveCfg = Release|Any CPU
		{3CD3F3DF-A48D-4B1F-B46D-E76DF9498139}.Release|Any CPU.Build.0 = Release|Any CPU
		{3CD3F3DF-A48D-4B1F-B46D-E76DF9498139}.Release|ARM64.ActiveCfg = Release|Any CPU
		{3CD3F3DF-A48D-4B1F-B46D-E76DF9498139}.Release|ARM64.Build.0 = Release|Any CPU
		{3CD3F3DF-A48D-4B1F-B46D-E76DF9498139}.Release|x64.ActiveCfg = Release|x64
		{3CD3F3DF-A48D-4B1F-B46D-E76DF9498139}.Release|x64.Build.0 = Release|x64
		{3CD3F3DF-A48D-4B1F-B46D-E76DF9498139}.Release|x86.ActiveCfg = Release|x86
		{3CD3F3DF-A48D-4B1F-B46D-E76DF9498139}.Release|x86.Build.0 = Release|x86
		{06B0B5A6-3448-4909-87D2-61F6599B0143}.Debug|Any CPU.ActiveCfg = Debug|Any CPU
		{06B0B5A6-3448-4909-87D2-61F6599B0143}.Debug|Any CPU.Build.0 = Debug|Any CPU
		{06B0B5A6-3448-4909-87D2-61F6599B0143}.Debug|ARM64.ActiveCfg = Debug|Any CPU
		{06B0B5A6-3448-4909-87D2-61F6599B0143}.Debug|ARM64.Build.0 = Debug|Any CPU
		{06B0B5A6-3448-4909-87D2-61F6599B0143}.Debug|x64.ActiveCfg = Debug|x64
		{06B0B5A6-3448-4909-87D2-61F6599B0143}.Debug|x64.Build.0 = Debug|x64
		{06B0B5A6-3448-4909-87D2-61F6599B0143}.Debug|x86.ActiveCfg = Debug|x86
		{06B0B5A6-3448-4909-87D2-61F6599B0143}.Debug|x86.Build.0 = Debug|x86
		{06B0B5A6-3448-4909-87D2-61F6599B0143}.Release|Any CPU.ActiveCfg = Release|Any CPU
		{06B0B5A6-3448-4909-87D2-61F6599B0143}.Release|Any CPU.Build.0 = Release|Any CPU
		{06B0B5A6-3448-4909-87D2-61F6599B0143}.Release|ARM64.ActiveCfg = Release|Any CPU
		{06B0B5A6-3448-4909-87D2-61F6599B0143}.Release|ARM64.Build.0 = Release|Any CPU
		{06B0B5A6-3448-4909-87D2-61F6599B0143}.Release|x64.ActiveCfg = Release|x64
		{06B0B5A6-3448-4909-87D2-61F6599B0143}.Release|x64.Build.0 = Release|x64
		{06B0B5A6-3448-4909-87D2-61F6599B0143}.Release|x86.ActiveCfg = Release|x86
		{06B0B5A6-3448-4909-87D2-61F6599B0143}.Release|x86.Build.0 = Release|x86
		{AF7638E3-A929-4C26-926B-DDE3E8837092}.Debug|Any CPU.ActiveCfg = Debug|Any CPU
		{AF7638E3-A929-4C26-926B-DDE3E8837092}.Debug|Any CPU.Build.0 = Debug|Any CPU
		{AF7638E3-A929-4C26-926B-DDE3E8837092}.Debug|ARM64.ActiveCfg = Debug|Any CPU
		{AF7638E3-A929-4C26-926B-DDE3E8837092}.Debug|ARM64.Build.0 = Debug|Any CPU
		{AF7638E3-A929-4C26-926B-DDE3E8837092}.Debug|x64.ActiveCfg = Debug|x64
		{AF7638E3-A929-4C26-926B-DDE3E8837092}.Debug|x64.Build.0 = Debug|x64
		{AF7638E3-A929-4C26-926B-DDE3E8837092}.Debug|x86.ActiveCfg = Debug|x86
		{AF7638E3-A929-4C26-926B-DDE3E8837092}.Debug|x86.Build.0 = Debug|x86
		{AF7638E3-A929-4C26-926B-DDE3E8837092}.Release|Any CPU.ActiveCfg = Release|Any CPU
		{AF7638E3-A929-4C26-926B-DDE3E8837092}.Release|Any CPU.Build.0 = Release|Any CPU
		{AF7638E3-A929-4C26-926B-DDE3E8837092}.Release|ARM64.ActiveCfg = Release|Any CPU
		{AF7638E3-A929-4C26-926B-DDE3E8837092}.Release|ARM64.Build.0 = Release|Any CPU
		{AF7638E3-A929-4C26-926B-DDE3E8837092}.Release|x64.ActiveCfg = Release|x64
		{AF7638E3-A929-4C26-926B-DDE3E8837092}.Release|x64.Build.0 = Release|x64
		{AF7638E3-A929-4C26-926B-DDE3E8837092}.Release|x86.ActiveCfg = Release|x86
		{AF7638E3-A929-4C26-926B-DDE3E8837092}.Release|x86.Build.0 = Release|x86
		{73164AAF-4E27-4D33-AD74-4F848833E6AF}.Debug|Any CPU.ActiveCfg = Debug|Any CPU
		{73164AAF-4E27-4D33-AD74-4F848833E6AF}.Debug|Any CPU.Build.0 = Debug|Any CPU
		{73164AAF-4E27-4D33-AD74-4F848833E6AF}.Debug|ARM64.ActiveCfg = Debug|Any CPU
		{73164AAF-4E27-4D33-AD74-4F848833E6AF}.Debug|ARM64.Build.0 = Debug|Any CPU
		{73164AAF-4E27-4D33-AD74-4F848833E6AF}.Debug|x64.ActiveCfg = Debug|x64
		{73164AAF-4E27-4D33-AD74-4F848833E6AF}.Debug|x64.Build.0 = Debug|x64
		{73164AAF-4E27-4D33-AD74-4F848833E6AF}.Debug|x86.ActiveCfg = Debug|x86
		{73164AAF-4E27-4D33-AD74-4F848833E6AF}.Debug|x86.Build.0 = Debug|x86
		{73164AAF-4E27-4D33-AD74-4F848833E6AF}.Release|Any CPU.ActiveCfg = Release|Any CPU
		{73164AAF-4E27-4D33-AD74-4F848833E6AF}.Release|Any CPU.Build.0 = Release|Any CPU
		{73164AAF-4E27-4D33-AD74-4F848833E6AF}.Release|ARM64.ActiveCfg = Release|Any CPU
		{73164AAF-4E27-4D33-AD74-4F848833E6AF}.Release|ARM64.Build.0 = Release|Any CPU
		{73164AAF-4E27-4D33-AD74-4F848833E6AF}.Release|x64.ActiveCfg = Release|x64
		{73164AAF-4E27-4D33-AD74-4F848833E6AF}.Release|x64.Build.0 = Release|x64
		{73164AAF-4E27-4D33-AD74-4F848833E6AF}.Release|x86.ActiveCfg = Release|x86
		{73164AAF-4E27-4D33-AD74-4F848833E6AF}.Release|x86.Build.0 = Release|x86
		{11B6AB3F-A302-4A6E-A4EF-282A2394A051}.Debug|Any CPU.ActiveCfg = Debug|Any CPU
		{11B6AB3F-A302-4A6E-A4EF-282A2394A051}.Debug|Any CPU.Build.0 = Debug|Any CPU
		{11B6AB3F-A302-4A6E-A4EF-282A2394A051}.Debug|ARM64.ActiveCfg = Debug|Any CPU
		{11B6AB3F-A302-4A6E-A4EF-282A2394A051}.Debug|ARM64.Build.0 = Debug|Any CPU
		{11B6AB3F-A302-4A6E-A4EF-282A2394A051}.Debug|x64.ActiveCfg = Debug|x64
		{11B6AB3F-A302-4A6E-A4EF-282A2394A051}.Debug|x64.Build.0 = Debug|x64
		{11B6AB3F-A302-4A6E-A4EF-282A2394A051}.Debug|x86.ActiveCfg = Debug|x86
		{11B6AB3F-A302-4A6E-A4EF-282A2394A051}.Debug|x86.Build.0 = Debug|x86
		{11B6AB3F-A302-4A6E-A4EF-282A2394A051}.Release|Any CPU.ActiveCfg = Release|Any CPU
		{11B6AB3F-A302-4A6E-A4EF-282A2394A051}.Release|Any CPU.Build.0 = Release|Any CPU
		{11B6AB3F-A302-4A6E-A4EF-282A2394A051}.Release|ARM64.ActiveCfg = Release|Any CPU
		{11B6AB3F-A302-4A6E-A4EF-282A2394A051}.Release|ARM64.Build.0 = Release|Any CPU
		{11B6AB3F-A302-4A6E-A4EF-282A2394A051}.Release|x64.ActiveCfg = Release|x64
		{11B6AB3F-A302-4A6E-A4EF-282A2394A051}.Release|x64.Build.0 = Release|x64
		{11B6AB3F-A302-4A6E-A4EF-282A2394A051}.Release|x86.ActiveCfg = Release|x86
		{11B6AB3F-A302-4A6E-A4EF-282A2394A051}.Release|x86.Build.0 = Release|x86
		{E4833D70-05B4-B232-0506-946BB740FAD7}.Debug|Any CPU.ActiveCfg = Debug|Any CPU
		{E4833D70-05B4-B232-0506-946BB740FAD7}.Debug|Any CPU.Build.0 = Debug|Any CPU
		{E4833D70-05B4-B232-0506-946BB740FAD7}.Debug|ARM64.ActiveCfg = Debug|Any CPU
		{E4833D70-05B4-B232-0506-946BB740FAD7}.Debug|ARM64.Build.0 = Debug|Any CPU
		{E4833D70-05B4-B232-0506-946BB740FAD7}.Debug|x64.ActiveCfg = Debug|x64
		{E4833D70-05B4-B232-0506-946BB740FAD7}.Debug|x64.Build.0 = Debug|x64
		{E4833D70-05B4-B232-0506-946BB740FAD7}.Debug|x86.ActiveCfg = Debug|x86
		{E4833D70-05B4-B232-0506-946BB740FAD7}.Debug|x86.Build.0 = Debug|x86
		{E4833D70-05B4-B232-0506-946BB740FAD7}.Release|Any CPU.ActiveCfg = Release|Any CPU
		{E4833D70-05B4-B232-0506-946BB740FAD7}.Release|Any CPU.Build.0 = Release|Any CPU
		{E4833D70-05B4-B232-0506-946BB740FAD7}.Release|ARM64.ActiveCfg = Release|Any CPU
		{E4833D70-05B4-B232-0506-946BB740FAD7}.Release|ARM64.Build.0 = Release|Any CPU
		{E4833D70-05B4-B232-0506-946BB740FAD7}.Release|x64.ActiveCfg = Release|x64
		{E4833D70-05B4-B232-0506-946BB740FAD7}.Release|x64.Build.0 = Release|x64
		{E4833D70-05B4-B232-0506-946BB740FAD7}.Release|x86.ActiveCfg = Release|x86
		{E4833D70-05B4-B232-0506-946BB740FAD7}.Release|x86.Build.0 = Release|x86
		{6E35C402-C449-E34D-BFDF-E598B6BCD16C}.Debug|Any CPU.ActiveCfg = Debug|Any CPU
		{6E35C402-C449-E34D-BFDF-E598B6BCD16C}.Debug|Any CPU.Build.0 = Debug|Any CPU
		{6E35C402-C449-E34D-BFDF-E598B6BCD16C}.Debug|ARM64.ActiveCfg = Debug|Any CPU
		{6E35C402-C449-E34D-BFDF-E598B6BCD16C}.Debug|ARM64.Build.0 = Debug|Any CPU
		{6E35C402-C449-E34D-BFDF-E598B6BCD16C}.Debug|x64.ActiveCfg = Debug|x64
		{6E35C402-C449-E34D-BFDF-E598B6BCD16C}.Debug|x64.Build.0 = Debug|x64
		{6E35C402-C449-E34D-BFDF-E598B6BCD16C}.Debug|x86.ActiveCfg = Debug|Any CPU
		{6E35C402-C449-E34D-BFDF-E598B6BCD16C}.Debug|x86.Build.0 = Debug|Any CPU
		{6E35C402-C449-E34D-BFDF-E598B6BCD16C}.Release|Any CPU.ActiveCfg = Release|Any CPU
		{6E35C402-C449-E34D-BFDF-E598B6BCD16C}.Release|Any CPU.Build.0 = Release|Any CPU
		{6E35C402-C449-E34D-BFDF-E598B6BCD16C}.Release|ARM64.ActiveCfg = Release|Any CPU
		{6E35C402-C449-E34D-BFDF-E598B6BCD16C}.Release|ARM64.Build.0 = Release|Any CPU
		{6E35C402-C449-E34D-BFDF-E598B6BCD16C}.Release|x64.ActiveCfg = Release|x64
		{6E35C402-C449-E34D-BFDF-E598B6BCD16C}.Release|x64.Build.0 = Release|x64
		{6E35C402-C449-E34D-BFDF-E598B6BCD16C}.Release|x86.ActiveCfg = Release|Any CPU
		{6E35C402-C449-E34D-BFDF-E598B6BCD16C}.Release|x86.Build.0 = Release|Any CPU
		{250AD84C-BFB0-498A-9FA7-2D84BA99E1D1}.Debug|Any CPU.ActiveCfg = Debug|Any CPU
		{250AD84C-BFB0-498A-9FA7-2D84BA99E1D1}.Debug|Any CPU.Build.0 = Debug|Any CPU
		{250AD84C-BFB0-498A-9FA7-2D84BA99E1D1}.Debug|ARM64.ActiveCfg = Debug|Any CPU
		{250AD84C-BFB0-498A-9FA7-2D84BA99E1D1}.Debug|ARM64.Build.0 = Debug|Any CPU
		{250AD84C-BFB0-498A-9FA7-2D84BA99E1D1}.Debug|x64.ActiveCfg = Debug|Any CPU
		{250AD84C-BFB0-498A-9FA7-2D84BA99E1D1}.Debug|x64.Build.0 = Debug|Any CPU
		{250AD84C-BFB0-498A-9FA7-2D84BA99E1D1}.Debug|x86.ActiveCfg = Debug|Any CPU
		{250AD84C-BFB0-498A-9FA7-2D84BA99E1D1}.Debug|x86.Build.0 = Debug|Any CPU
		{250AD84C-BFB0-498A-9FA7-2D84BA99E1D1}.Release|Any CPU.ActiveCfg = Release|Any CPU
		{250AD84C-BFB0-498A-9FA7-2D84BA99E1D1}.Release|Any CPU.Build.0 = Release|Any CPU
		{250AD84C-BFB0-498A-9FA7-2D84BA99E1D1}.Release|ARM64.ActiveCfg = Release|Any CPU
		{250AD84C-BFB0-498A-9FA7-2D84BA99E1D1}.Release|ARM64.Build.0 = Release|Any CPU
		{250AD84C-BFB0-498A-9FA7-2D84BA99E1D1}.Release|x64.ActiveCfg = Release|Any CPU
		{250AD84C-BFB0-498A-9FA7-2D84BA99E1D1}.Release|x64.Build.0 = Release|Any CPU
		{250AD84C-BFB0-498A-9FA7-2D84BA99E1D1}.Release|x86.ActiveCfg = Release|Any CPU
		{250AD84C-BFB0-498A-9FA7-2D84BA99E1D1}.Release|x86.Build.0 = Release|Any CPU
		{641CB9AA-EC28-7E6F-FCD1-5F5AA2DA26D2}.Debug|Any CPU.ActiveCfg = Debug
		{641CB9AA-EC28-7E6F-FCD1-5F5AA2DA26D2}.Debug|ARM64.ActiveCfg = Debug
		{641CB9AA-EC28-7E6F-FCD1-5F5AA2DA26D2}.Debug|x64.ActiveCfg = Debug
		{641CB9AA-EC28-7E6F-FCD1-5F5AA2DA26D2}.Debug|x86.ActiveCfg = Debug
		{641CB9AA-EC28-7E6F-FCD1-5F5AA2DA26D2}.Release|Any CPU.ActiveCfg = Release
		{641CB9AA-EC28-7E6F-FCD1-5F5AA2DA26D2}.Release|ARM64.ActiveCfg = Release
		{641CB9AA-EC28-7E6F-FCD1-5F5AA2DA26D2}.Release|x64.ActiveCfg = Release
		{641CB9AA-EC28-7E6F-FCD1-5F5AA2DA26D2}.Release|x86.ActiveCfg = Release
	EndGlobalSection
	GlobalSection(SolutionProperties) = preSolution
		HideSolutionNode = FALSE
	EndGlobalSection
	GlobalSection(NestedProjects) = preSolution
		{06B0B5A6-3448-4909-87D2-61F6599B0143} = {02EA681E-C7D8-13C7-8484-4AC65E1B71E8}
		{73164AAF-4E27-4D33-AD74-4F848833E6AF} = {02EA681E-C7D8-13C7-8484-4AC65E1B71E8}
		{11B6AB3F-A302-4A6E-A4EF-282A2394A051} = {02EA681E-C7D8-13C7-8484-4AC65E1B71E8}
		{E4833D70-05B4-B232-0506-946BB740FAD7} = {02EA681E-C7D8-13C7-8484-4AC65E1B71E8}
		{6E35C402-C449-E34D-BFDF-E598B6BCD16C} = {02EA681E-C7D8-13C7-8484-4AC65E1B71E8}
	EndGlobalSection
	GlobalSection(ExtensibilityGlobals) = postSolution
		SolutionGuid = {810B2E3B-2195-4BF3-8CC1-4E1045CB2F9A}
	EndGlobalSection
EndGlobal
